
Microsoft Visual Studio Solution File, Format Version 12.00
# Visual Studio Version 16
Project("{8BC9CEB8-8B4A-11D0-8D11-00A0C91BC942}") = "ALL_BUILD", "ALL_BUILD.vcxproj", "{83E74209-64AB-3A28-A4C2-D19729D2ED86}"
	ProjectSection(ProjectDependencies) = postProject
		{16D0B906-DDAE-347E-9D81-253D73E565BE} = {16D0B906-DDAE-347E-9D81-253D73E565BE}
	EndProjectSection
EndProject
Project("{8BC9CEB8-8B4A-11D0-8D11-00A0C91BC942}") = "monExec", "monExec.vcxproj", "{16D0B906-DDAE-347E-9D81-253D73E565BE}"
	ProjectSection(ProjectDependencies) = postProject
	EndProjectSection
EndProject
Global
	GlobalSection(SolutionConfigurationPlatforms) = preSolution
		Debug|x64 = Debug|x64
		Release|x64 = Release|x64
		MinSizeRel|x64 = MinSizeRel|x64
		RelWithDebInfo|x64 = RelWithDebInfo|x64
	EndGlobalSection
	GlobalSection(ProjectConfigurationPlatforms) = postSolution
		{83E74209-64AB-3A28-A4C2-D19729D2ED86}.Debug|x64.ActiveCfg = Debug|x64
		{83E74209-64AB-3A28-A4C2-D19729D2ED86}.Release|x64.ActiveCfg = Release|x64
		{83E74209-64AB-3A28-A4C2-D19729D2ED86}.MinSizeRel|x64.ActiveCfg = MinSizeRel|x64
		{83E74209-64AB-3A28-A4C2-D19729D2ED86}.RelWithDebInfo|x64.ActiveCfg = RelWithDebInfo|x64
		{16D0B906-DDAE-347E-9D81-253D73E565BE}.Debug|x64.ActiveCfg = Debug|x64
		{16D0B906-DDAE-347E-9D81-253D73E565BE}.Debug|x64.Build.0 = Debug|x64
		{16D0B906-DDAE-347E-9D81-253D73E565BE}.Release|x64.ActiveCfg = Release|x64
		{16D0B906-DDAE-347E-9D81-253D73E565BE}.Release|x64.Build.0 = Release|x64
		{16D0B906-DDAE-347E-9D81-253D73E565BE}.MinSizeRel|x64.ActiveCfg = MinSizeRel|x64
		{16D0B906-DDAE-347E-9D81-253D73E565BE}.MinSizeRel|x64.Build.0 = MinSizeRel|x64
		{16D0B906-DDAE-347E-9D81-253D73E565BE}.RelWithDebInfo|x64.ActiveCfg = RelWithDebInfo|x64
		{16D0B906-DDAE-347E-9D81-253D73E565BE}.RelWithDebInfo|x64.Build.0 = RelWithDebInfo|x64
	EndGlobalSection
	GlobalSection(ExtensibilityGlobals) = postSolution
		SolutionGuid = {1A858FBC-5C1C-373F-843B-27F693BE0754}
	EndGlobalSection
	GlobalSection(ExtensibilityAddIns) = postSolution
	EndGlobalSection
EndGlobal
